
Microsoft Visual Studio Solution File, Format Version 12.00
# Visual Studio Version 17
VisualStudioVersion = 17.9.34723.18
MinimumVisualStudioVersion = 10.0.40219.1
Project("{9A19103F-16F7-4668-BE54-9A1E7A4F7556}") = "RedisNotes", "RedisNotes\RedisNotes.csproj", "{8C7531A3-D99A-4A5A-A8D7-EAF8CC4F7217}"
EndProject
Project("{FAE04EC0-301F-11D3-BF4B-00C04F79EFBC}") = "InMemoryCaching", "InMemoryCaching\InMemoryCaching.csproj", "{852EECE0-D37E-46DC-9962-A6C616BCDFB6}"
EndProject
Global
	GlobalSection(SolutionConfigurationPlatforms) = preSolution
		Debug|Any CPU = Debug|Any CPU
		Release|Any CPU = Release|Any CPU
	EndGlobalSection
	GlobalSection(ProjectConfigurationPlatforms) = postSolution
		{8C7531A3-D99A-4A5A-A8D7-EAF8CC4F7217}.Debug|Any CPU.ActiveCfg = Debug|Any CPU
		{8C7531A3-D99A-4A5A-A8D7-EAF8CC4F7217}.Debug|Any CPU.Build.0 = Debug|Any CPU
		{8C7531A3-D99A-4A5A-A8D7-EAF8CC4F7217}.Release|Any CPU.ActiveCfg = Release|Any CPU
		{8C7531A3-D99A-4A5A-A8D7-EAF8CC4F7217}.Release|Any CPU.Build.0 = Release|Any CPU
		{852EECE0-D37E-46DC-9962-A6C616BCDFB6}.Debug|Any CPU.ActiveCfg = Debug|Any CPU
		{852EECE0-D37E-46DC-9962-A6C616BCDFB6}.Debug|Any CPU.Build.0 = Debug|Any CPU
		{852EECE0-D37E-46DC-9962-A6C616BCDFB6}.Release|Any CPU.ActiveCfg = Release|Any CPU
		{852EECE0-D37E-46DC-9962-A6C616BCDFB6}.Release|Any CPU.Build.0 = Release|Any CPU
	EndGlobalSection
	GlobalSection(SolutionProperties) = preSolution
		HideSolutionNode = FALSE
	EndGlobalSection
	GlobalSection(ExtensibilityGlobals) = postSolution
		SolutionGuid = {2F902BC0-F201-4442-8D4D-BF2CBFAFF1B1}
	EndGlobalSection
EndGlobal
